
Microsoft Visual Studio Solution File, Format Version 12.00
# Visual Studio Version 17
VisualStudioVersion = 17.14.36908.2 d17.14
MinimumVisualStudioVersion = 10.0.40219.1
Project("{FAE04EC0-301F-11D3-BF4B-00C04F79EFBC}") = "CrosstalkAnalyzer", "CrosstalkAnalyzer.csproj", "{EF002E1E-F071-4195-BF67-660AEEE016C9}"
EndProject
Project("{FAE04EC0-301F-11D3-BF4B-00C04F79EFBC}") = "CrosstalkAnalyzer.CalculationChecks", "Tests\CrosstalkAnalyzer.CalculationChecks\CrosstalkAnalyzer.CalculationChecks.csproj", "{7A4332B8-0CAB-4616-AB73-E577E31D8947}"
EndProject
Global
	GlobalSection(SolutionConfigurationPlatforms) = preSolution
		Debug|Any CPU = Debug|Any CPU
		Release|Any CPU = Release|Any CPU
	EndGlobalSection
	GlobalSection(ProjectConfigurationPlatforms) = postSolution
		{EF002E1E-F071-4195-BF67-660AEEE016C9}.Debug|Any CPU.ActiveCfg = Debug|Any CPU
		{EF002E1E-F071-4195-BF67-660AEEE016C9}.Debug|Any CPU.Build.0 = Debug|Any CPU
		{EF002E1E-F071-4195-BF67-660AEEE016C9}.Release|Any CPU.ActiveCfg = Release|Any CPU
		{EF002E1E-F071-4195-BF67-660AEEE016C9}.Release|Any CPU.Build.0 = Release|Any CPU
		{7A4332B8-0CAB-4616-AB73-E577E31D8947}.Debug|Any CPU.ActiveCfg = Debug|Any CPU
		{7A4332B8-0CAB-4616-AB73-E577E31D8947}.Debug|Any CPU.Build.0 = Debug|Any CPU
		{7A4332B8-0CAB-4616-AB73-E577E31D8947}.Release|Any CPU.ActiveCfg = Release|Any CPU
		{7A4332B8-0CAB-4616-AB73-E577E31D8947}.Release|Any CPU.Build.0 = Release|Any CPU
	EndGlobalSection
	GlobalSection(SolutionProperties) = preSolution
		HideSolutionNode = FALSE
	EndGlobalSection
	GlobalSection(ExtensibilityGlobals) = postSolution
		SolutionGuid = {A33D761D-0169-48AA-AF9C-719065619952}
	EndGlobalSection
EndGlobal
